
Microsoft Visual Studio Solution File, Format Version 12.00
# Visual Studio Version 17
VisualStudioVersion = 17.10.35027.167
MinimumVisualStudioVersion = 10.0.40219.1
Project("{FAE04EC0-301F-11D3-BF4B-00C04F79EFBC}") = "DOTNETTRAINING", "DOTNETTRAINING\DOTNETTRAINING.csproj", "{CA9F3531-1C9E-4421-BD89-85D952E02287}"
EndProject
Project("{FAE04EC0-301F-11D3-BF4B-00C04F79EFBC}") = "ASPDOTNETWebApplication", "ASPDOTNETWebApplication\ASPDOTNETWebApplication.csproj", "{DA686B6D-58C3-467D-8723-E985D3A8EC45}"
EndProject
Project("{FAE04EC0-301F-11D3-BF4B-00C04F79EFBC}") = "EFCodeFirstApproach", "EFCodeFirstApproach\EFCodeFirstApproach.csproj", "{E091E877-1A10-4320-BE34-CC0D4A3BF09D}"
EndProject
Project("{FAE04EC0-301F-11D3-BF4B-00C04F79EFBC}") = "EFDbFirstApproach", "EFDbFirstApproach\EFDbFirstApproach.csproj", "{EC922F25-1111-423A-9236-52C1F223CBB2}"
EndProject
Project("{FAE04EC0-301F-11D3-BF4B-00C04F79EFBC}") = "ASPDOTNETWebApplicationSuperCenter", "ASPDOTNETWebApplicationSuperCenter\ASPDOTNETWebApplicationSuperCenter.csproj", "{DE20A966-DE7A-4579-AB5C-A352869013A3}"
EndProject
Project("{FAE04EC0-301F-11D3-BF4B-00C04F79EFBC}") = "ASPDOTNETMVC", "ASPDOTNETMVC\ASPDOTNETMVC.csproj", "{022800E9-2711-496A-B3E1-14603962BEC3}"
EndProject
Project("{FAE04EC0-301F-11D3-BF4B-00C04F79EFBC}") = "ELibraryManagement", "ELibraryManagement\ELibraryManagement.csproj", "{A0EBA694-3117-4950-B5E6-7FB2F29B5647}"
EndProject
Project("{FAE04EC0-301F-11D3-BF4B-00C04F79EFBC}") = "EFCodeFirstApproachEmployee", "EFCodeFirstAppriachEmployee\EFCodeFirstApproachEmployee.csproj", "{B5A9ADD2-D35B-46C9-BEC8-00EEAB459EE3}"
EndProject
Project("{2150E333-8FDC-42A3-9474-1A3956D46DE8}") = "CodeFirstApproach", "CodeFirstApproach", "{4C67D067-D984-4DBD-B747-83493092C5B3}"
EndProject
Project("{2150E333-8FDC-42A3-9474-1A3956D46DE8}") = "Day 1 to Day 24 C# Introduction", "Day 1 to Day 24 C# Introduction", "{A66BFDB5-7B4A-4EEC-B321-19E4FEB1DD24}"
EndProject
Project("{2150E333-8FDC-42A3-9474-1A3956D46DE8}") = "Day 25 to Day 26 ASP.NET", "Day 25 to Day 26 ASP.NET", "{0575A8C4-A7A0-4F2B-A20C-831156705020}"
EndProject
Project("{2150E333-8FDC-42A3-9474-1A3956D46DE8}") = "Day 28, Day 29 ASP.NET MVC", "Day 28, Day 29 ASP.NET MVC", "{0F6864EB-5F63-4E1F-969B-3C8066B18DE5}"
EndProject
Project("{2150E333-8FDC-42A3-9474-1A3956D46DE8}") = "DbFirstApproach", "DbFirstApproach", "{9308D91E-E57E-419B-AA70-5488A76EB86B}"
EndProject
Project("{2150E333-8FDC-42A3-9474-1A3956D46DE8}") = "Projects", "Projects", "{E9E4C282-AC1F-403C-9A06-AD54E49D90B2}"
EndProject
Project("{2150E333-8FDC-42A3-9474-1A3956D46DE8}") = "ELibrary", "ELibrary", "{7F315CC7-2AF3-4CC2-8B90-50C12EF86DED}"
EndProject
Project("{FAE04EC0-301F-11D3-BF4B-00C04F79EFBC}") = "SolarCRM", "SolarCRM\SolarCRM.csproj", "{D4C12C84-D793-4A25-BF4D-6947C4230D04}"
EndProject
Project("{2150E333-8FDC-42A3-9474-1A3956D46DE8}") = "Day 27 EntityFramework", "Day 27 EntityFramework", "{AA956A09-E8B6-49D2-9934-20238BC4520A}"
EndProject
Project("{FAE04EC0-301F-11D3-BF4B-00C04F79EFBC}") = "University", "University\University.csproj", "{AF22A2F4-D42B-4896-ACF0-DE855CCF70C0}"
EndProject
Project("{FAE04EC0-301F-11D3-BF4B-00C04F79EFBC}") = "EFDbFirstApproachUniversityDepartment", "EFDbFirstApproachUniversityDepartment\EFDbFirstApproachUniversityDepartment.csproj", "{B3CCC8D1-EE38-40AD-8DD1-1B6725B4C324}"
EndProject
Project("{FAE04EC0-301F-11D3-BF4B-00C04F79EFBC}") = "ASPDOTNETMVCPractice", "ASPDOTNETMVCPractice\ASPDOTNETMVCPractice.csproj", "{3BFAE9DD-50FC-4CEB-943C-807A28A91E1A}"
EndProject
Global
	GlobalSection(SolutionConfigurationPlatforms) = preSolution
		Debug|Any CPU = Debug|Any CPU
		Release|Any CPU = Release|Any CPU
	EndGlobalSection
	GlobalSection(ProjectConfigurationPlatforms) = postSolution
		{CA9F3531-1C9E-4421-BD89-85D952E02287}.Debug|Any CPU.ActiveCfg = Debug|Any CPU
		{CA9F3531-1C9E-4421-BD89-85D952E02287}.Debug|Any CPU.Build.0 = Debug|Any CPU
		{CA9F3531-1C9E-4421-BD89-85D952E02287}.Release|Any CPU.ActiveCfg = Release|Any CPU
		{CA9F3531-1C9E-4421-BD89-85D952E02287}.Release|Any CPU.Build.0 = Release|Any CPU
		{DA686B6D-58C3-467D-8723-E985D3A8EC45}.Debug|Any CPU.ActiveCfg = Debug|Any CPU
		{DA686B6D-58C3-467D-8723-E985D3A8EC45}.Debug|Any CPU.Build.0 = Debug|Any CPU
		{DA686B6D-58C3-467D-8723-E985D3A8EC45}.Release|Any CPU.ActiveCfg = Release|Any CPU
		{DA686B6D-58C3-467D-8723-E985D3A8EC45}.Release|Any CPU.Build.0 = Release|Any CPU
		{E091E877-1A10-4320-BE34-CC0D4A3BF09D}.Debug|Any CPU.ActiveCfg = Debug|Any CPU
		{E091E877-1A10-4320-BE34-CC0D4A3BF09D}.Debug|Any CPU.Build.0 = Debug|Any CPU
		{E091E877-1A10-4320-BE34-CC0D4A3BF09D}.Release|Any CPU.ActiveCfg = Release|Any CPU
		{E091E877-1A10-4320-BE34-CC0D4A3BF09D}.Release|Any CPU.Build.0 = Release|Any CPU
		{EC922F25-1111-423A-9236-52C1F223CBB2}.Debug|Any CPU.ActiveCfg = Debug|Any CPU
		{EC922F25-1111-423A-9236-52C1F223CBB2}.Debug|Any CPU.Build.0 = Debug|Any CPU
		{EC922F25-1111-423A-9236-52C1F223CBB2}.Release|Any CPU.ActiveCfg = Release|Any CPU
		{EC922F25-1111-423A-9236-52C1F223CBB2}.Release|Any CPU.Build.0 = Release|Any CPU
		{DE20A966-DE7A-4579-AB5C-A352869013A3}.Debug|Any CPU.ActiveCfg = Debug|Any CPU
		{DE20A966-DE7A-4579-AB5C-A352869013A3}.Debug|Any CPU.Build.0 = Debug|Any CPU
		{DE20A966-DE7A-4579-AB5C-A352869013A3}.Release|Any CPU.ActiveCfg = Release|Any CPU
		{DE20A966-DE7A-4579-AB5C-A352869013A3}.Release|Any CPU.Build.0 = Release|Any CPU
		{022800E9-2711-496A-B3E1-14603962BEC3}.Debug|Any CPU.ActiveCfg = Debug|Any CPU
		{022800E9-2711-496A-B3E1-14603962BEC3}.Debug|Any CPU.Build.0 = Debug|Any CPU
		{022800E9-2711-496A-B3E1-14603962BEC3}.Release|Any CPU.ActiveCfg = Release|Any CPU
		{022800E9-2711-496A-B3E1-14603962BEC3}.Release|Any CPU.Build.0 = Release|Any CPU
		{A0EBA694-3117-4950-B5E6-7FB2F29B5647}.Debug|Any CPU.ActiveCfg = Debug|Any CPU
		{A0EBA694-3117-4950-B5E6-7FB2F29B5647}.Debug|Any CPU.Build.0 = Debug|Any CPU
		{A0EBA694-3117-4950-B5E6-7FB2F29B5647}.Release|Any CPU.ActiveCfg = Release|Any CPU
		{A0EBA694-3117-4950-B5E6-7FB2F29B5647}.Release|Any CPU.Build.0 = Release|Any CPU
		{B5A9ADD2-D35B-46C9-BEC8-00EEAB459EE3}.Debug|Any CPU.ActiveCfg = Debug|Any CPU
		{B5A9ADD2-D35B-46C9-BEC8-00EEAB459EE3}.Debug|Any CPU.Build.0 = Debug|Any CPU
		{B5A9ADD2-D35B-46C9-BEC8-00EEAB459EE3}.Release|Any CPU.ActiveCfg = Release|Any CPU
		{B5A9ADD2-D35B-46C9-BEC8-00EEAB459EE3}.Release|Any CPU.Build.0 = Release|Any CPU
		{D4C12C84-D793-4A25-BF4D-6947C4230D04}.Debug|Any CPU.ActiveCfg = Debug|Any CPU
		{D4C12C84-D793-4A25-BF4D-6947C4230D04}.Debug|Any CPU.Build.0 = Debug|Any CPU
		{D4C12C84-D793-4A25-BF4D-6947C4230D04}.Release|Any CPU.ActiveCfg = Release|Any CPU
		{D4C12C84-D793-4A25-BF4D-6947C4230D04}.Release|Any CPU.Build.0 = Release|Any CPU
		{AF22A2F4-D42B-4896-ACF0-DE855CCF70C0}.Debug|Any CPU.ActiveCfg = Debug|Any CPU
		{AF22A2F4-D42B-4896-ACF0-DE855CCF70C0}.Debug|Any CPU.Build.0 = Debug|Any CPU
		{AF22A2F4-D42B-4896-ACF0-DE855CCF70C0}.Release|Any CPU.ActiveCfg = Release|Any CPU
		{AF22A2F4-D42B-4896-ACF0-DE855CCF70C0}.Release|Any CPU.Build.0 = Release|Any CPU
		{B3CCC8D1-EE38-40AD-8DD1-1B6725B4C324}.Debug|Any CPU.ActiveCfg = Debug|Any CPU
		{B3CCC8D1-EE38-40AD-8DD1-1B6725B4C324}.Debug|Any CPU.Build.0 = Debug|Any CPU
		{B3CCC8D1-EE38-40AD-8DD1-1B6725B4C324}.Release|Any CPU.ActiveCfg = Release|Any CPU
		{B3CCC8D1-EE38-40AD-8DD1-1B6725B4C324}.Release|Any CPU.Build.0 = Release|Any CPU
		{3BFAE9DD-50FC-4CEB-943C-807A28A91E1A}.Debug|Any CPU.ActiveCfg = Debug|Any CPU
		{3BFAE9DD-50FC-4CEB-943C-807A28A91E1A}.Debug|Any CPU.Build.0 = Debug|Any CPU
		{3BFAE9DD-50FC-4CEB-943C-807A28A91E1A}.Release|Any CPU.ActiveCfg = Release|Any CPU
		{3BFAE9DD-50FC-4CEB-943C-807A28A91E1A}.Release|Any CPU.Build.0 = Release|Any CPU
	EndGlobalSection
	GlobalSection(SolutionProperties) = preSolution
		HideSolutionNode = FALSE
	EndGlobalSection
	GlobalSection(NestedProjects) = preSolution
		{CA9F3531-1C9E-4421-BD89-85D952E02287} = {A66BFDB5-7B4A-4EEC-B321-19E4FEB1DD24}
		{DA686B6D-58C3-467D-8723-E985D3A8EC45} = {0575A8C4-A7A0-4F2B-A20C-831156705020}
		{E091E877-1A10-4320-BE34-CC0D4A3BF09D} = {4C67D067-D984-4DBD-B747-83493092C5B3}
		{EC922F25-1111-423A-9236-52C1F223CBB2} = {9308D91E-E57E-419B-AA70-5488A76EB86B}
		{DE20A966-DE7A-4579-AB5C-A352869013A3} = {0575A8C4-A7A0-4F2B-A20C-831156705020}
		{022800E9-2711-496A-B3E1-14603962BEC3} = {0F6864EB-5F63-4E1F-969B-3C8066B18DE5}
		{A0EBA694-3117-4950-B5E6-7FB2F29B5647} = {7F315CC7-2AF3-4CC2-8B90-50C12EF86DED}
		{B5A9ADD2-D35B-46C9-BEC8-00EEAB459EE3} = {4C67D067-D984-4DBD-B747-83493092C5B3}
		{4C67D067-D984-4DBD-B747-83493092C5B3} = {AA956A09-E8B6-49D2-9934-20238BC4520A}
		{9308D91E-E57E-419B-AA70-5488A76EB86B} = {AA956A09-E8B6-49D2-9934-20238BC4520A}
		{7F315CC7-2AF3-4CC2-8B90-50C12EF86DED} = {E9E4C282-AC1F-403C-9A06-AD54E49D90B2}
		{D4C12C84-D793-4A25-BF4D-6947C4230D04} = {4C67D067-D984-4DBD-B747-83493092C5B3}
		{AF22A2F4-D42B-4896-ACF0-DE855CCF70C0} = {4C67D067-D984-4DBD-B747-83493092C5B3}
		{B3CCC8D1-EE38-40AD-8DD1-1B6725B4C324} = {9308D91E-E57E-419B-AA70-5488A76EB86B}
		{3BFAE9DD-50FC-4CEB-943C-807A28A91E1A} = {0F6864EB-5F63-4E1F-969B-3C8066B18DE5}
	EndGlobalSection
	GlobalSection(ExtensibilityGlobals) = postSolution
		SolutionGuid = {963EE270-6735-4C55-B44E-17934237B827}
	EndGlobalSection
EndGlobal
